// !$*UTF8*$!
{
	archiveVersion = 1;
	classes = {
	};
	objectVersion = 50;
	objects = {

/* Begin PBXBuildFile section */
		3F0D987A259BB6460048C58E /* AppStorageView.swift in Sources */ = {isa = PBXBuildFile; fileRef = 3F0D9879259BB6460048C58E /* AppStorageView.swift */; };
		3F14620124CC2F27007F0514 /* GradientView.swift in Sources */ = {isa = PBXBuildFile; fileRef = 3F14620024CC2F27007F0514 /* GradientView.swift */; };
		3F16180824D89079006DA574 /* RedactedView.swift in Sources */ = {isa = PBXBuildFile; fileRef = 3F16180724D89079006DA574 /* RedactedView.swift */; };
		3F22AA3B25A211B700C9081A /* SimpleList.swift in Sources */ = {isa = PBXBuildFile; fileRef = 3F22AA3A25A211B700C9081A /* SimpleList.swift */; };
		3F4DD84424CF636B009D7DC3 /* README.md in Resources */ = {isa = PBXBuildFile; fileRef = 3F4DD84324CF636B009D7DC3 /* README.md */; };
		3F59CDCB26601D9800EA9800 /* AuroraView.swift in Sources */ = {isa = PBXBuildFile; fileRef = 3F59CDCA26601D9800EA9800 /* AuroraView.swift */; };
		3F59CDCD26601EEA00EA9800 /* AuroraTheme.swift in Sources */ = {isa = PBXBuildFile; fileRef = 3F59CDCC26601EEA00EA9800 /* AuroraTheme.swift */; };
		3F6C93EC259F6B1800D72BF0 /* TableSearchBar.swift in Sources */ = {isa = PBXBuildFile; fileRef = 3F6C93EB259F6B1800D72BF0 /* TableSearchBar.swift */; };
		3F6EABA3266A06440057159C /* BlurViewSample.swift in Sources */ = {isa = PBXBuildFile; fileRef = 3F6EABA2266A06440057159C /* BlurViewSample.swift */; };
		3F6EABA5266A06570057159C /* BlurView.swift in Sources */ = {isa = PBXBuildFile; fileRef = 3F6EABA4266A06570057159C /* BlurView.swift */; };
		3FA1ACC324C6243D00CFA28E /* GridView.swift in Sources */ = {isa = PBXBuildFile; fileRef = 3FA1ACC224C6243D00CFA28E /* GridView.swift */; };
		3FA1ACC524C6270D00CFA28E /* RandomColor.swift in Sources */ = {isa = PBXBuildFile; fileRef = 3FA1ACC424C6270D00CFA28E /* RandomColor.swift */; };
		3FA3044624B076EB00884863 /* SwiftUI_FeaturesDemoApp.swift in Sources */ = {isa = PBXBuildFile; fileRef = 3FA3044524B076EB00884863 /* SwiftUI_FeaturesDemoApp.swift */; };
		3FA3044824B076EB00884863 /* ContentView.swift in Sources */ = {isa = PBXBuildFile; fileRef = 3FA3044724B076EB00884863 /* ContentView.swift */; };
		3FA3044A24B076EC00884863 /* Assets.xcassets in Resources */ = {isa = PBXBuildFile; fileRef = 3FA3044924B076EC00884863 /* Assets.xcassets */; };
		3FA3044D24B076EC00884863 /* Preview Assets.xcassets in Resources */ = {isa = PBXBuildFile; fileRef = 3FA3044C24B076EC00884863 /* Preview Assets.xcassets */; };
		3FA3045824B076EC00884863 /* SwiftUI_FeaturesDemoTests.swift in Sources */ = {isa = PBXBuildFile; fileRef = 3FA3045724B076EC00884863 /* SwiftUI_FeaturesDemoTests.swift */; };
		3FA3046324B076EC00884863 /* SwiftUI_FeaturesDemoUITests.swift in Sources */ = {isa = PBXBuildFile; fileRef = 3FA3046224B076EC00884863 /* SwiftUI_FeaturesDemoUITests.swift */; };
		3FA3047224B07AC400884863 /* AnimatedGridView.swift in Sources */ = {isa = PBXBuildFile; fileRef = 3FA3047124B07AC400884863 /* AnimatedGridView.swift */; };
		3FA3047524B0881400884863 /* OutlineGroupView.swift in Sources */ = {isa = PBXBuildFile; fileRef = 3FA3047424B0881400884863 /* OutlineGroupView.swift */; };
		3FA3047A24B0AD1A00884863 /* DisclosureGroupView.swift in Sources */ = {isa = PBXBuildFile; fileRef = 3FA3047924B0AD1A00884863 /* DisclosureGroupView.swift */; };
		3FBC13DD256263A4004FAE0A /* HapticView.swift in Sources */ = {isa = PBXBuildFile; fileRef = 3FBC13DC256263A4004FAE0A /* HapticView.swift */; };
		3FBC13E5256263C0004FAE0A /* HapticController.swift in Sources */ = {isa = PBXBuildFile; fileRef = 3FBC13E4256263C0004FAE0A /* HapticController.swift */; };
		3FBC13EE25628159004FAE0A /* ReuseStyleView.swift in Sources */ = {isa = PBXBuildFile; fileRef = 3FBC13ED25628159004FAE0A /* ReuseStyleView.swift */; };
		3FBC13F625628763004FAE0A /* CustomButtonStyle.swift in Sources */ = {isa = PBXBuildFile; fileRef = 3FBC13F525628763004FAE0A /* CustomButtonStyle.swift */; };
		3FBC13FB25628B61004FAE0A /* CustomColorButtonStyle.swift in Sources */ = {isa = PBXBuildFile; fileRef = 3FBC13FA25628B61004FAE0A /* CustomColorButtonStyle.swift */; };
		3FD0FA56259BCAAE00BF4BD4 /* SubViewRepository.swift in Sources */ = {isa = PBXBuildFile; fileRef = 3FD0FA55259BCAAE00BF4BD4 /* SubViewRepository.swift */; };
		3FFE4687253C83F10065782E /* DatePickerView.swift in Sources */ = {isa = PBXBuildFile; fileRef = 3FFE4686253C83F10065782E /* DatePickerView.swift */; };
		3FFE4693253C92140065782E /* ColorPickerView.swift in Sources */ = {isa = PBXBuildFile; fileRef = 3FFE4692253C92140065782E /* ColorPickerView.swift */; };
/* End PBXBuildFile section */

/* Begin PBXContainerItemProxy section */
		3FA3045424B076EC00884863 /* PBXContainerItemProxy */ = {
			isa = PBXContainerItemProxy;
			containerPortal = 3FA3043A24B076EB00884863 /* Project object */;
			proxyType = 1;
			remoteGlobalIDString = 3FA3044124B076EB00884863;
			remoteInfo = "SwiftUI-FeaturesDemo";
		};
		3FA3045F24B076EC00884863 /* PBXContainerItemProxy */ = {
			isa = PBXContainerItemProxy;
			containerPortal = 3FA3043A24B076EB00884863 /* Project object */;
			proxyType = 1;
			remoteGlobalIDString = 3FA3044124B076EB00884863;
			remoteInfo = "SwiftUI-FeaturesDemo";
		};
/* End PBXContainerItemProxy section */

/* Begin PBXFileReference section */
		3F0D9879259BB6460048C58E /* AppStorageView.swift */ = {isa = PBXFileReference; lastKnownFileType = sourcecode.swift; path = AppStorageView.swift; sourceTree = "<group>"; };
		3F14620024CC2F27007F0514 /* GradientView.swift */ = {isa = PBXFileReference; lastKnownFileType = sourcecode.swift; path = GradientView.swift; sourceTree = "<group>"; };
		3F16180724D89079006DA574 /* RedactedView.swift */ = {isa = PBXFileReference; lastKnownFileType = sourcecode.swift; path = RedactedView.swift; sourceTree = "<group>"; };
		3F22AA3A25A211B700C9081A /* SimpleList.swift */ = {isa = PBXFileReference; lastKnownFileType = sourcecode.swift; path = SimpleList.swift; sourceTree = "<group>"; };
		3F4DD84324CF636B009D7DC3 /* README.md */ = {isa = PBXFileReference; fileEncoding = 4; lastKnownFileType = net.daringfireball.markdown; path = README.md; sourceTree = "<group>"; };
		3F59CDCA26601D9800EA9800 /* AuroraView.swift */ = {isa = PBXFileReference; lastKnownFileType = sourcecode.swift; path = AuroraView.swift; sourceTree = "<group>"; };
		3F59CDCC26601EEA00EA9800 /* AuroraTheme.swift */ = {isa = PBXFileReference; lastKnownFileType = sourcecode.swift; path = AuroraTheme.swift; sourceTree = "<group>"; };
		3F6C93EB259F6B1800D72BF0 /* TableSearchBar.swift */ = {isa = PBXFileReference; fileEncoding = 4; lastKnownFileType = sourcecode.swift; path = TableSearchBar.swift; sourceTree = "<group>"; };
		3F6EABA2266A06440057159C /* BlurViewSample.swift */ = {isa = PBXFileReference; lastKnownFileType = sourcecode.swift; path = BlurViewSample.swift; sourceTree = "<group>"; };
		3F6EABA4266A06570057159C /* BlurView.swift */ = {isa = PBXFileReference; lastKnownFileType = sourcecode.swift; path = BlurView.swift; sourceTree = "<group>"; };
		3FA1ACC224C6243D00CFA28E /* GridView.swift */ = {isa = PBXFileReference; lastKnownFileType = sourcecode.swift; path = GridView.swift; sourceTree = "<group>"; };
		3FA1ACC424C6270D00CFA28E /* RandomColor.swift */ = {isa = PBXFileReference; lastKnownFileType = sourcecode.swift; path = RandomColor.swift; sourceTree = "<group>"; };
		3FA3044224B076EB00884863 /* SwiftUI-FeaturesDemo.app */ = {isa = PBXFileReference; explicitFileType = wrapper.application; includeInIndex = 0; path = "SwiftUI-FeaturesDemo.app"; sourceTree = BUILT_PRODUCTS_DIR; };
		3FA3044524B076EB00884863 /* SwiftUI_FeaturesDemoApp.swift */ = {isa = PBXFileReference; lastKnownFileType = sourcecode.swift; path = SwiftUI_FeaturesDemoApp.swift; sourceTree = "<group>"; };
		3FA3044724B076EB00884863 /* ContentView.swift */ = {isa = PBXFileReference; lastKnownFileType = sourcecode.swift; path = ContentView.swift; sourceTree = "<group>"; };
		3FA3044924B076EC00884863 /* Assets.xcassets */ = {isa = PBXFileReference; lastKnownFileType = folder.assetcatalog; path = Assets.xcassets; sourceTree = "<group>"; };
		3FA3044C24B076EC00884863 /* Preview Assets.xcassets */ = {isa = PBXFileReference; lastKnownFileType = folder.assetcatalog; path = "Preview Assets.xcassets"; sourceTree = "<group>"; };
		3FA3044E24B076EC00884863 /* Info.plist */ = {isa = PBXFileReference; lastKnownFileType = text.plist.xml; path = Info.plist; sourceTree = "<group>"; };
		3FA3045324B076EC00884863 /* SwiftUI-FeaturesDemoTests.xctest */ = {isa = PBXFileReference; explicitFileType = wrapper.cfbundle; includeInIndex = 0; path = "SwiftUI-FeaturesDemoTests.xctest"; sourceTree = BUILT_PRODUCTS_DIR; };
		3FA3045724B076EC00884863 /* SwiftUI_FeaturesDemoTests.swift */ = {isa = PBXFileReference; lastKnownFileType = sourcecode.swift; path = SwiftUI_FeaturesDemoTests.swift; sourceTree = "<group>"; };
		3FA3045924B076EC00884863 /* Info.plist */ = {isa = PBXFileReference; lastKnownFileType = text.plist.xml; path = Info.plist; sourceTree = "<group>"; };
		3FA3045E24B076EC00884863 /* SwiftUI-FeaturesDemoUITests.xctest */ = {isa = PBXFileReference; explicitFileType = wrapper.cfbundle; includeInIndex = 0; path = "SwiftUI-FeaturesDemoUITests.xctest"; sourceTree = BUILT_PRODUCTS_DIR; };
		3FA3046224B076EC00884863 /* SwiftUI_FeaturesDemoUITests.swift */ = {isa = PBXFileReference; lastKnownFileType = sourcecode.swift; path = SwiftUI_FeaturesDemoUITests.swift; sourceTree = "<group>"; };
		3FA3046424B076EC00884863 /* Info.plist */ = {isa = PBXFileReference; lastKnownFileType = text.plist.xml; path = Info.plist; sourceTree = "<group>"; };
		3FA3047124B07AC400884863 /* AnimatedGridView.swift */ = {isa = PBXFileReference; lastKnownFileType = sourcecode.swift; path = AnimatedGridView.swift; sourceTree = "<group>"; };
		3FA3047424B0881400884863 /* OutlineGroupView.swift */ = {isa = PBXFileReference; lastKnownFileType = sourcecode.swift; path = OutlineGroupView.swift; sourceTree = "<group>"; };
		3FA3047924B0AD1A00884863 /* DisclosureGroupView.swift */ = {isa = PBXFileReference; lastKnownFileType = sourcecode.swift; path = DisclosureGroupView.swift; sourceTree = "<group>"; };
		3FBC13DC256263A4004FAE0A /* HapticView.swift */ = {isa = PBXFileReference; lastKnownFileType = sourcecode.swift; path = HapticView.swift; sourceTree = "<group>"; };
		3FBC13E4256263C0004FAE0A /* HapticController.swift */ = {isa = PBXFileReference; lastKnownFileType = sourcecode.swift; path = HapticController.swift; sourceTree = "<group>"; };
		3FBC13ED25628159004FAE0A /* ReuseStyleView.swift */ = {isa = PBXFileReference; lastKnownFileType = sourcecode.swift; path = ReuseStyleView.swift; sourceTree = "<group>"; };
		3FBC13F525628763004FAE0A /* CustomButtonStyle.swift */ = {isa = PBXFileReference; lastKnownFileType = sourcecode.swift; path = CustomButtonStyle.swift; sourceTree = "<group>"; };
		3FBC13FA25628B61004FAE0A /* CustomColorButtonStyle.swift */ = {isa = PBXFileReference; lastKnownFileType = sourcecode.swift; path = CustomColorButtonStyle.swift; sourceTree = "<group>"; };
		3FD0FA55259BCAAE00BF4BD4 /* SubViewRepository.swift */ = {isa = PBXFileReference; lastKnownFileType = sourcecode.swift; path = SubViewRepository.swift; sourceTree = "<group>"; };
		3FFE4686253C83F10065782E /* DatePickerView.swift */ = {isa = PBXFileReference; lastKnownFileType = sourcecode.swift; path = DatePickerView.swift; sourceTree = "<group>"; };
		3FFE4692253C92140065782E /* ColorPickerView.swift */ = {isa = PBXFileReference; lastKnownFileType = sourcecode.swift; path = ColorPickerView.swift; sourceTree = "<group>"; };
/* End PBXFileReference section */

/* Begin PBXFrameworksBuildPhase section */
		3FA3043F24B076EB00884863 /* Frameworks */ = {
			isa = PBXFrameworksBuildPhase;
			buildActionMask = 2147483647;
			files = (
			);
			runOnlyForDeploymentPostprocessing = 0;
		};
		3FA3045024B076EC00884863 /* Frameworks */ = {
			isa = PBXFrameworksBuildPhase;
			buildActionMask = 2147483647;
			files = (
			);
			runOnlyForDeploymentPostprocessing = 0;
		};
		3FA3045B24B076EC00884863 /* Frameworks */ = {
			isa = PBXFrameworksBuildPhase;
			buildActionMask = 2147483647;
			files = (
			);
			runOnlyForDeploymentPostprocessing = 0;
		};
/* End PBXFrameworksBuildPhase section */

/* Begin PBXGroup section */
		3F0D9878259BB6140048C58E /* AppStorage */ = {
			isa = PBXGroup;
			children = (
				3F0D9879259BB6460048C58E /* AppStorageView.swift */,
			);
			path = AppStorage;
			sourceTree = "<group>";
		};
		3F1461FF24CC2F0A007F0514 /* Gradient */ = {
			isa = PBXGroup;
			children = (
				3F14620024CC2F27007F0514 /* GradientView.swift */,
			);
			path = Gradient;
			sourceTree = "<group>";
		};
		3F16180624D8905D006DA574 /* Redacted */ = {
			isa = PBXGroup;
			children = (
				3F16180724D89079006DA574 /* RedactedView.swift */,
			);
			path = Redacted;
			sourceTree = "<group>";
		};
		3F22AA4225A21A4500C9081A /* SimpleList */ = {
			isa = PBXGroup;
			children = (
				3F22AA3A25A211B700C9081A /* SimpleList.swift */,
			);
			path = SimpleList;
			sourceTree = "<group>";
		};
		3F59CDC926601D7400EA9800 /* AuroraBackground */ = {
			isa = PBXGroup;
			children = (
				3F59CDCA26601D9800EA9800 /* AuroraView.swift */,
				3F59CDCC26601EEA00EA9800 /* AuroraTheme.swift */,
			);
			path = AuroraBackground;
			sourceTree = "<group>";
		};
		3F6EABA1266A061C0057159C /* BlurView */ = {
			isa = PBXGroup;
			children = (
				3F6EABA2266A06440057159C /* BlurViewSample.swift */,
				3F6EABA4266A06570057159C /* BlurView.swift */,
			);
			path = BlurView;
			sourceTree = "<group>";
		};
		3FA1ACC124C6242600CFA28E /* Grid */ = {
			isa = PBXGroup;
			children = (
				3FA1ACC224C6243D00CFA28E /* GridView.swift */,
				3FA1ACC424C6270D00CFA28E /* RandomColor.swift */,
			);
			path = Grid;
			sourceTree = "<group>";
		};
		3FA3043924B076EB00884863 = {
			isa = PBXGroup;
			children = (
				3F4DD84324CF636B009D7DC3 /* README.md */,
				3FA3044524B076EB00884863 /* SwiftUI_FeaturesDemoApp.swift */,
				3F6C93EB259F6B1800D72BF0 /* TableSearchBar.swift */,
				3FA3044724B076EB00884863 /* ContentView.swift */,
				3FA3044424B076EB00884863 /* SwiftUI-FeaturesDemo */,
				3FA3045624B076EC00884863 /* SwiftUI-FeaturesDemoTests */,
				3FA3046124B076EC00884863 /* SwiftUI-FeaturesDemoUITests */,
				3FA3044324B076EB00884863 /* Products */,
			);
			sourceTree = "<group>";
		};
		3FA3044324B076EB00884863 /* Products */ = {
			isa = PBXGroup;
			children = (
				3FA3044224B076EB00884863 /* SwiftUI-FeaturesDemo.app */,
				3FA3045324B076EC00884863 /* SwiftUI-FeaturesDemoTests.xctest */,
				3FA3045E24B076EC00884863 /* SwiftUI-FeaturesDemoUITests.xctest */,
			);
			name = Products;
			sourceTree = "<group>";
		};
		3FA3044424B076EB00884863 /* SwiftUI-FeaturesDemo */ = {
			isa = PBXGroup;
			children = (
				3F6EABA1266A061C0057159C /* BlurView */,
				3F59CDC926601D7400EA9800 /* AuroraBackground */,
				3F22AA4225A21A4500C9081A /* SimpleList */,
				3FD0FA54259BCA8500BF4BD4 /* DataModel */,
				3F0D9878259BB6140048C58E /* AppStorage */,
				3FBC13EC2562813E004FAE0A /* ReuseStyles */,
				3FBC13DB2562637A004FAE0A /* Haptic */,
				3FFE468E253C91EC0065782E /* ColorPicker */,
				3FFE4685253C83D70065782E /* DatePicker */,
				3F16180624D8905D006DA574 /* Redacted */,
				3F1461FF24CC2F0A007F0514 /* Gradient */,
				3FA1ACC124C6242600CFA28E /* Grid */,
				3FA3047824B0ACF000884863 /* DisclosureGroup */,
				3FA3047324B0880100884863 /* OutlineGroup */,
				3FA3047024B07A7D00884863 /* Animated Grid */,
				3FA3044924B076EC00884863 /* Assets.xcassets */,
				3FA3044E24B076EC00884863 /* Info.plist */,
				3FA3044B24B076EC00884863 /* Preview Content */,
			);
			path = "SwiftUI-FeaturesDemo";
			sourceTree = "<group>";
		};
		3FA3044B24B076EC00884863 /* Preview Content */ = {
			isa = PBXGroup;
			children = (
				3FA3044C24B076EC00884863 /* Preview Assets.xcassets */,
			);
			path = "Preview Content";
			sourceTree = "<group>";
		};
		3FA3045624B076EC00884863 /* SwiftUI-FeaturesDemoTests */ = {
			isa = PBXGroup;
			children = (
				3FA3045724B076EC00884863 /* SwiftUI_FeaturesDemoTests.swift */,
				3FA3045924B076EC00884863 /* Info.plist */,
			);
			path = "SwiftUI-FeaturesDemoTests";
			sourceTree = "<group>";
		};
		3FA3046124B076EC00884863 /* SwiftUI-FeaturesDemoUITests */ = {
			isa = PBXGroup;
			children = (
				3FA3046224B076EC00884863 /* SwiftUI_FeaturesDemoUITests.swift */,
				3FA3046424B076EC00884863 /* Info.plist */,
			);
			path = "SwiftUI-FeaturesDemoUITests";
			sourceTree = "<group>";
		};
		3FA3047024B07A7D00884863 /* Animated Grid */ = {
			isa = PBXGroup;
			children = (
				3FA3047124B07AC400884863 /* AnimatedGridView.swift */,
			);
			path = "Animated Grid";
			sourceTree = "<group>";
		};
		3FA3047324B0880100884863 /* OutlineGroup */ = {
			isa = PBXGroup;
			children = (
				3FA3047424B0881400884863 /* OutlineGroupView.swift */,
			);
			path = OutlineGroup;
			sourceTree = "<group>";
		};
		3FA3047824B0ACF000884863 /* DisclosureGroup */ = {
			isa = PBXGroup;
			children = (
				3FA3047924B0AD1A00884863 /* DisclosureGroupView.swift */,
			);
			path = DisclosureGroup;
			sourceTree = "<group>";
		};
		3FBC13DB2562637A004FAE0A /* Haptic */ = {
			isa = PBXGroup;
			children = (
				3FBC13DC256263A4004FAE0A /* HapticView.swift */,
				3FBC13E4256263C0004FAE0A /* HapticController.swift */,
			);
			path = Haptic;
			sourceTree = "<group>";
		};
		3FBC13EC2562813E004FAE0A /* ReuseStyles */ = {
			isa = PBXGroup;
			children = (
				3FBC13ED25628159004FAE0A /* ReuseStyleView.swift */,
				3FBC13F525628763004FAE0A /* CustomButtonStyle.swift */,
				3FBC13FA25628B61004FAE0A /* CustomColorButtonStyle.swift */,
			);
			path = ReuseStyles;
			sourceTree = "<group>";
		};
		3FD0FA54259BCA8500BF4BD4 /* DataModel */ = {
			isa = PBXGroup;
			children = (
				3FD0FA55259BCAAE00BF4BD4 /* SubViewRepository.swift */,
			);
			path = DataModel;
			sourceTree = "<group>";
		};
		3FFE4685253C83D70065782E /* DatePicker */ = {
			isa = PBXGroup;
			children = (
				3FFE4686253C83F10065782E /* DatePickerView.swift */,
			);
			path = DatePicker;
			sourceTree = "<group>";
		};
		3FFE468E253C91EC0065782E /* ColorPicker */ = {
			isa = PBXGroup;
			children = (
				3FFE4692253C92140065782E /* ColorPickerView.swift */,
			);
			path = ColorPicker;
			sourceTree = "<group>";
		};
/* End PBXGroup section */

/* Begin PBXNativeTarget section */
		3FA3044124B076EB00884863 /* SwiftUI-FeaturesDemo */ = {
			isa = PBXNativeTarget;
			buildConfigurationList = 3FA3046724B076EC00884863 /* Build configuration list for PBXNativeTarget "SwiftUI-FeaturesDemo" */;
			buildPhases = (
				3FA3043E24B076EB00884863 /* Sources */,
				3FA3043F24B076EB00884863 /* Frameworks */,
				3FA3044024B076EB00884863 /* Resources */,
			);
			buildRules = (
			);
			dependencies = (
			);
			name = "SwiftUI-FeaturesDemo";
			productName = "SwiftUI-FeaturesDemo";
			productReference = 3FA3044224B076EB00884863 /* SwiftUI-FeaturesDemo.app */;
			productType = "com.apple.product-type.application";
		};
		3FA3045224B076EC00884863 /* SwiftUI-FeaturesDemoTests */ = {
			isa = PBXNativeTarget;
			buildConfigurationList = 3FA3046A24B076EC00884863 /* Build configuration list for PBXNativeTarget "SwiftUI-FeaturesDemoTests" */;
			buildPhases = (
				3FA3044F24B076EC00884863 /* Sources */,
				3FA3045024B076EC00884863 /* Frameworks */,
				3FA3045124B076EC00884863 /* Resources */,
			);
			buildRules = (
			);
			dependencies = (
				3FA3045524B076EC00884863 /* PBXTargetDependency */,
			);
			name = "SwiftUI-FeaturesDemoTests";
			productName = "SwiftUI-FeaturesDemoTests";
			productReference = 3FA3045324B076EC00884863 /* SwiftUI-FeaturesDemoTests.xctest */;
			productType = "com.apple.product-type.bundle.unit-test";
		};
		3FA3045D24B076EC00884863 /* SwiftUI-FeaturesDemoUITests */ = {
			isa = PBXNativeTarget;
			buildConfigurationList = 3FA3046D24B076EC00884863 /* Build configuration list for PBXNativeTarget "SwiftUI-FeaturesDemoUITests" */;
			buildPhases = (
				3FA3045A24B076EC00884863 /* Sources */,
				3FA3045B24B076EC00884863 /* Frameworks */,
				3FA3045C24B076EC00884863 /* Resources */,
			);
			buildRules = (
			);
			dependencies = (
				3FA3046024B076EC00884863 /* PBXTargetDependency */,
			);
			name = "SwiftUI-FeaturesDemoUITests";
			productName = "SwiftUI-FeaturesDemoUITests";
			productReference = 3FA3045E24B076EC00884863 /* SwiftUI-FeaturesDemoUITests.xctest */;
			productType = "com.apple.product-type.bundle.ui-testing";
		};
/* End PBXNativeTarget section */

/* Begin PBXProject section */
		3FA3043A24B076EB00884863 /* Project object */ = {
			isa = PBXProject;
			attributes = {
				LastSwiftUpdateCheck = 1200;
				LastUpgradeCheck = 1200;
				TargetAttributes = {
					3FA3044124B076EB00884863 = {
						CreatedOnToolsVersion = 12.0;
					};
					3FA3045224B076EC00884863 = {
						CreatedOnToolsVersion = 12.0;
						TestTargetID = 3FA3044124B076EB00884863;
					};
					3FA3045D24B076EC00884863 = {
						CreatedOnToolsVersion = 12.0;
						TestTargetID = 3FA3044124B076EB00884863;
					};
				};
			};
			buildConfigurationList = 3FA3043D24B076EB00884863 /* Build configuration list for PBXProject "SwiftUI-FeaturesDemo" */;
			compatibilityVersion = "Xcode 9.3";
			developmentRegion = en;
			hasScannedForEncodings = 0;
			knownRegions = (
				en,
				Base,
			);
			mainGroup = 3FA3043924B076EB00884863;
			productRefGroup = 3FA3044324B076EB00884863 /* Products */;
			projectDirPath = "";
			projectRoot = "";
			targets = (
				3FA3044124B076EB00884863 /* SwiftUI-FeaturesDemo */,
				3FA3045224B076EC00884863 /* SwiftUI-FeaturesDemoTests */,
				3FA3045D24B076EC00884863 /* SwiftUI-FeaturesDemoUITests */,
			);
		};
/* End PBXProject section */

/* Begin PBXResourcesBuildPhase section */
		3FA3044024B076EB00884863 /* Resources */ = {
			isa = PBXResourcesBuildPhase;
			buildActionMask = 2147483647;
			files = (
				3FA3044D24B076EC00884863 /* Preview Assets.xcassets in Resources */,
				3F4DD84424CF636B009D7DC3 /* README.md in Resources */,
				3FA3044A24B076EC00884863 /* Assets.xcassets in Resources */,
			);
			runOnlyForDeploymentPostprocessing = 0;
		};
		3FA3045124B076EC00884863 /* Resources */ = {
			isa = PBXResourcesBuildPhase;
			buildActionMask = 2147483647;
			files = (
			);
			runOnlyForDeploymentPostprocessing = 0;
		};
		3FA3045C24B076EC00884863 /* Resources */ = {
			isa = PBXResourcesBuildPhase;
			buildActionMask = 2147483647;
			files = (
			);
			runOnlyForDeploymentPostprocessing = 0;
		};
/* End PBXResourcesBuildPhase section */

/* Begin PBXSourcesBuildPhase section */
		3FA3043E24B076EB00884863 /* Sources */ = {
			isa = PBXSourcesBuildPhase;
			buildActionMask = 2147483647;
			files = (
				3FBC13E5256263C0004FAE0A /* HapticController.swift in Sources */,
				3F22AA3B25A211B700C9081A /* SimpleList.swift in Sources */,
				3FA3044824B076EB00884863 /* ContentView.swift in Sources */,
				3F16180824D89079006DA574 /* RedactedView.swift in Sources */,
				3F6EABA3266A06440057159C /* BlurViewSample.swift in Sources */,
				3FA3047524B0881400884863 /* OutlineGroupView.swift in Sources */,
				3FA3044624B076EB00884863 /* SwiftUI_FeaturesDemoApp.swift in Sources */,
				3F0D987A259BB6460048C58E /* AppStorageView.swift in Sources */,
				3FA3047224B07AC400884863 /* AnimatedGridView.swift in Sources */,
				3F6C93EC259F6B1800D72BF0 /* TableSearchBar.swift in Sources */,
				3FA1ACC324C6243D00CFA28E /* GridView.swift in Sources */,
				3FFE4687253C83F10065782E /* DatePickerView.swift in Sources */,
				3FD0FA56259BCAAE00BF4BD4 /* SubViewRepository.swift in Sources */,
				3FBC13DD256263A4004FAE0A /* HapticView.swift in Sources */,
				3FFE4693253C92140065782E /* ColorPickerView.swift in Sources */,
				3FA3047A24B0AD1A00884863 /* DisclosureGroupView.swift in Sources */,
				3F59CDCD26601EEA00EA9800 /* AuroraTheme.swift in Sources */,
				3F6EABA5266A06570057159C /* BlurView.swift in Sources */,
				3FA1ACC524C6270D00CFA28E /* RandomColor.swift in Sources */,
				3F59CDCB26601D9800EA9800 /* AuroraView.swift in Sources */,
				3FBC13F625628763004FAE0A /* CustomButtonStyle.swift in Sources */,
				3F14620124CC2F27007F0514 /* GradientView.swift in Sources */,
				3FBC13FB25628B61004FAE0A /* CustomColorButtonStyle.swift in Sources */,
				3FBC13EE25628159004FAE0A /* ReuseStyleView.swift in Sources */,
			);
			runOnlyForDeploymentPostprocessing = 0;
		};
		3FA3044F24B076EC00884863 /* Sources */ = {
			isa = PBXSourcesBuildPhase;
			buildActionMask = 2147483647;
			files = (
				3FA3045824B076EC00884863 /* SwiftUI_FeaturesDemoTests.swift in Sources */,
			);
			runOnlyForDeploymentPostprocessing = 0;
		};
		3FA3045A24B076EC00884863 /* Sources */ = {
			isa = PBXSourcesBuildPhase;
			buildActionMask = 2147483647;
			files = (
				3FA3046324B076EC00884863 /* SwiftUI_FeaturesDemoUITests.swift in Sources */,
			);
			runOnlyForDeploymentPostprocessing = 0;
		};
/* End PBXSourcesBuildPhase section */

/* Begin PBXTargetDependency section */
		3FA3045524B076EC00884863 /* PBXTargetDependency */ = {
			isa = PBXTargetDependency;
			target = 3FA3044124B076EB00884863 /* SwiftUI-FeaturesDemo */;
			targetProxy = 3FA3045424B076EC00884863 /* PBXContainerItemProxy */;
		};
		3FA3046024B076EC00884863 /* PBXTargetDependency */ = {
			isa = PBXTargetDependency;
			target = 3FA3044124B076EB00884863 /* SwiftUI-FeaturesDemo */;
			targetProxy = 3FA3045F24B076EC00884863 /* PBXContainerItemProxy */;
		};
/* End PBXTargetDependency section */

/* Begin XCBuildConfiguration section */
		3FA3046524B076EC00884863 /* Debug */ = {
			isa = XCBuildConfiguration;
			buildSettings = {
				ALWAYS_SEARCH_USER_PATHS = NO;
				CLANG_ANALYZER_NONNULL = YES;
				CLANG_ANALYZER_NUMBER_OBJECT_CONVERSION = YES_AGGRESSIVE;
				CLANG_CXX_LANGUAGE_STANDARD = "gnu++14";
				CLANG_CXX_LIBRARY = "libc++";
				CLANG_ENABLE_MODULES = YES;
				CLANG_ENABLE_OBJC_ARC = YES;
				CLANG_ENABLE_OBJC_WEAK = YES;
				CLANG_WARN_BLOCK_CAPTURE_AUTORELEASING = YES;
				CLANG_WARN_BOOL_CONVERSION = YES;
				CLANG_WARN_COMMA = YES;
				CLANG_WARN_CONSTANT_CONVERSION = YES;
				CLANG_WARN_DEPRECATED_OBJC_IMPLEMENTATIONS = YES;
				CLANG_WARN_DIRECT_OBJC_ISA_USAGE = YES_ERROR;
				CLANG_WARN_DOCUMENTATION_COMMENTS = YES;
				CLANG_WARN_EMPTY_BODY = YES;
				CLANG_WARN_ENUM_CONVERSION = YES;
				CLANG_WARN_INFINITE_RECURSION = YES;
				CLANG_WARN_INT_CONVERSION = YES;
				CLANG_WARN_NON_LITERAL_NULL_CONVERSION = YES;
				CLANG_WARN_OBJC_IMPLICIT_RETAIN_SELF = YES;
				CLANG_WARN_OBJC_LITERAL_CONVERSION = YES;
				CLANG_WARN_OBJC_ROOT_CLASS = YES_ERROR;
				CLANG_WARN_QUOTED_INCLUDE_IN_FRAMEWORK_HEADER = YES;
				CLANG_WARN_RANGE_LOOP_ANALYSIS = YES;
				CLANG_WARN_STRICT_PROTOTYPES = YES;
				CLANG_WARN_SUSPICIOUS_MOVE = YES;
				CLANG_WARN_UNGUARDED_AVAILABILITY = YES_AGGRESSIVE;
				CLANG_WARN_UNREACHABLE_CODE = YES;
				CLANG_WARN__DUPLICATE_METHOD_MATCH = YES;
				COPY_PHASE_STRIP = NO;
				DEBUG_INFORMATION_FORMAT = dwarf;
				ENABLE_STRICT_OBJC_MSGSEND = YES;
				ENABLE_TESTABILITY = YES;
				GCC_C_LANGUAGE_STANDARD = gnu11;
				GCC_DYNAMIC_NO_PIC = NO;
				GCC_NO_COMMON_BLOCKS = YES;
				GCC_OPTIMIZATION_LEVEL = 0;
				GCC_PREPROCESSOR_DEFINITIONS = (
					"DEBUG=1",
					"$(inherited)",
				);
				GCC_WARN_64_TO_32_BIT_CONVERSION = YES;
				GCC_WARN_ABOUT_RETURN_TYPE = YES_ERROR;
				GCC_WARN_UNDECLARED_SELECTOR = YES;
				GCC_WARN_UNINITIALIZED_AUTOS = YES_AGGRESSIVE;
				GCC_WARN_UNUSED_FUNCTION = YES;
				GCC_WARN_UNUSED_VARIABLE = YES;
				IPHONEOS_DEPLOYMENT_TARGET = 14.0;
				MTL_ENABLE_DEBUG_INFO = INCLUDE_SOURCE;
				MTL_FAST_MATH = YES;
				ONLY_ACTIVE_ARCH = YES;
				SDKROOT = iphoneos;
				SWIFT_ACTIVE_COMPILATION_CONDITIONS = DEBUG;
				SWIFT_OPTIMIZATION_LEVEL = "-Onone";
			};
			name = Debug;
		};
		3FA3046624B076EC00884863 /* Release */ = {
			isa = XCBuildConfiguration;
			buildSettings = {
				ALWAYS_SEARCH_USER_PATHS = NO;
				CLANG_ANALYZER_NONNULL = YES;
				CLANG_ANALYZER_NUMBER_OBJECT_CONVERSION = YES_AGGRESSIVE;
				CLANG_CXX_LANGUAGE_STANDARD = "gnu++14";
				CLANG_CXX_LIBRARY = "libc++";
				CLANG_ENABLE_MODULES = YES;
				CLANG_ENABLE_OBJC_ARC = YES;
				CLANG_ENABLE_OBJC_WEAK = YES;
				CLANG_WARN_BLOCK_CAPTURE_AUTORELEASING = YES;
				CLANG_WARN_BOOL_CONVERSION = YES;
				CLANG_WARN_COMMA = YES;
				CLANG_WARN_CONSTANT_CONVERSION = YES;
				CLANG_WARN_DEPRECATED_OBJC_IMPLEMENTATIONS = YES;
				CLANG_WARN_DIRECT_OBJC_ISA_USAGE = YES_ERROR;
				CLANG_WARN_DOCUMENTATION_COMMENTS = YES;
				CLANG_WARN_EMPTY_BODY = YES;
				CLANG_WARN_ENUM_CONVERSION = YES;
				CLANG_WARN_INFINITE_RECURSION = YES;
				CLANG_WARN_INT_CONVERSION = YES;
				CLANG_WARN_NON_LITERAL_NULL_CONVERSION = YES;
				CLANG_WARN_OBJC_IMPLICIT_RETAIN_SELF = YES;
				CLANG_WARN_OBJC_LITERAL_CONVERSION = YES;
				CLANG_WARN_OBJC_ROOT_CLASS = YES_ERROR;
				CLANG_WARN_QUOTED_INCLUDE_IN_FRAMEWORK_HEADER = YES;
				CLANG_WARN_RANGE_LOOP_ANALYSIS = YES;
				CLANG_WARN_STRICT_PROTOTYPES = YES;
				CLANG_WARN_SUSPICIOUS_MOVE = YES;
				CLANG_WARN_UNGUARDED_AVAILABILITY = YES_AGGRESSIVE;
				CLANG_WARN_UNREACHABLE_CODE = YES;
				CLANG_WARN__DUPLICATE_METHOD_MATCH = YES;
				COPY_PHASE_STRIP = NO;
				DEBUG_INFORMATION_FORMAT = "dwarf-with-dsym";
				ENABLE_NS_ASSERTIONS = NO;
				ENABLE_STRICT_OBJC_MSGSEND = YES;
				GCC_C_LANGUAGE_STANDARD = gnu11;
				GCC_NO_COMMON_BLOCKS = YES;
				GCC_WARN_64_TO_32_BIT_CONVERSION = YES;
				GCC_WARN_ABOUT_RETURN_TYPE = YES_ERROR;
				GCC_WARN_UNDECLARED_SELECTOR = YES;
				GCC_WARN_UNINITIALIZED_AUTOS = YES_AGGRESSIVE;
				GCC_WARN_UNUSED_FUNCTION = YES;
				GCC_WARN_UNUSED_VARIABLE = YES;
				IPHONEOS_DEPLOYMENT_TARGET = 14.0;
				MTL_ENABLE_DEBUG_INFO = NO;
				MTL_FAST_MATH = YES;
				SDKROOT = iphoneos;
				SWIFT_COMPILATION_MODE = wholemodule;
				SWIFT_OPTIMIZATION_LEVEL = "-O";
				VALIDATE_PRODUCT = YES;
			};
			name = Release;
		};
		3FA3046824B076EC00884863 /* Debug */ = {
			isa = XCBuildConfiguration;
			buildSettings = {
				ASSETCATALOG_COMPILER_APPICON_NAME = AppIcon;
				ASSETCATALOG_COMPILER_GLOBAL_ACCENT_COLOR_NAME = AccentColor;
				CODE_SIGN_STYLE = Automatic;
				DEVELOPMENT_ASSET_PATHS = "\"SwiftUI-FeaturesDemo/Preview Content\"";
				DEVELOPMENT_TEAM = Q4JYUA6UF4;
				ENABLE_PREVIEWS = YES;
				INFOPLIST_FILE = "SwiftUI-FeaturesDemo/Info.plist";
				IPHONEOS_DEPLOYMENT_TARGET = 14.0;
				LD_RUNPATH_SEARCH_PATHS = (
					"$(inherited)",
					"@executable_path/Frameworks",
				);
				MARKETING_VERSION = 1.4.1;
				PRODUCT_BUNDLE_IDENTIFIER = "de.cocoa-coding.SwiftUI-FeaturesDemo";
				PRODUCT_NAME = "$(TARGET_NAME)";
				SWIFT_VERSION = 5.0;
				TARGETED_DEVICE_FAMILY = "1,2";
			};
			name = Debug;
		};
		3FA3046924B076EC00884863 /* Release */ = {
			isa = XCBuildConfiguration;
			buildSettings = {
				ASSETCATALOG_COMPILER_APPICON_NAME = AppIcon;
				ASSETCATALOG_COMPILER_GLOBAL_ACCENT_COLOR_NAME = AccentColor;
				CODE_SIGN_STYLE = Automatic;
				DEVELOPMENT_ASSET_PATHS = "\"SwiftUI-FeaturesDemo/Preview Content\"";
				DEVELOPMENT_TEAM = Q4JYUA6UF4;
				ENABLE_PREVIEWS = YES;
				INFOPLIST_FILE = "SwiftUI-FeaturesDemo/Info.plist";
				IPHONEOS_DEPLOYMENT_TARGET = 14.0;
				LD_RUNPATH_SEARCH_PATHS = (
					"$(inherited)",
					"@executable_path/Frameworks",
				);
				MARKETING_VERSION = 1.4.1;
				PRODUCT_BUNDLE_IDENTIFIER = "de.cocoa-coding.SwiftUI-FeaturesDemo";
				PRODUCT_NAME = "$(TARGET_NAME)";
				SWIFT_VERSION = 5.0;
				TARGETED_DEVICE_FAMILY = "1,2";
			};
			name = Release;
		};
		3FA3046B24B076EC00884863 /* Debug */ = {
			isa = XCBuildConfiguration;
			buildSettings = {
				ALWAYS_EMBED_SWIFT_STANDARD_LIBRARIES = YES;
				BUNDLE_LOADER = "$(TEST_HOST)";
				CODE_SIGN_STYLE = Automatic;
				DEVELOPMENT_TEAM = Q4JYUA6UF4;
				INFOPLIST_FILE = "SwiftUI-FeaturesDemoTests/Info.plist";
				IPHONEOS_DEPLOYMENT_TARGET = 14.0;
				LD_RUNPATH_SEARCH_PATHS = (
					"$(inherited)",
					"@executable_path/Frameworks",
					"@loader_path/Frameworks",
				);
				PRODUCT_BUNDLE_IDENTIFIER = "de.cocoa-coding.SwiftUI-FeaturesDemoTests";
				PRODUCT_NAME = "$(TARGET_NAME)";
				SWIFT_VERSION = 5.0;
				TARGETED_DEVICE_FAMILY = "1,2";
				TEST_HOST = "$(BUILT_PRODUCTS_DIR)/SwiftUI-FeaturesDemo.app/SwiftUI-FeaturesDemo";
			};
			name = Debug;
		};
		3FA3046C24B076EC00884863 /* Release */ = {
			isa = XCBuildConfiguration;
			buildSettings = {
				ALWAYS_EMBED_SWIFT_STANDARD_LIBRARIES = YES;
				BUNDLE_LOADER = "$(TEST_HOST)";
				CODE_SIGN_STYLE = Automatic;
				DEVELOPMENT_TEAM = Q4JYUA6UF4;
				INFOPLIST_FILE = "SwiftUI-FeaturesDemoTests/Info.plist";
				IPHONEOS_DEPLOYMENT_TARGET = 14.0;
				LD_RUNPATH_SEARCH_PATHS = (
					"$(inherited)",
					"@executable_path/Frameworks",
					"@loader_path/Frameworks",
				);
				PRODUCT_BUNDLE_IDENTIFIER = "de.cocoa-coding.SwiftUI-FeaturesDemoTests";
				PRODUCT_NAME = "$(TARGET_NAME)";
				SWIFT_VERSION = 5.0;
				TARGETED_DEVICE_FAMILY = "1,2";
				TEST_HOST = "$(BUILT_PRODUCTS_DIR)/SwiftUI-FeaturesDemo.app/SwiftUI-FeaturesDemo";
			};
			name = Release;
		};
		3FA3046E24B076EC00884863 /* Debug */ = {
			isa = XCBuildConfiguration;
			buildSettings = {
				ALWAYS_EMBED_SWIFT_STANDARD_LIBRARIES = YES;
				CODE_SIGN_STYLE = Automatic;
				DEVELOPMENT_TEAM = Q4JYUA6UF4;
				INFOPLIST_FILE = "SwiftUI-FeaturesDemoUITests/Info.plist";
				LD_RUNPATH_SEARCH_PATHS = (
					"$(inherited)",
					"@executable_path/Frameworks",
					"@loader_path/Frameworks",
				);
				PRODUCT_BUNDLE_IDENTIFIER = "de.cocoa-coding.SwiftUI-FeaturesDemoUITests";
				PRODUCT_NAME = "$(TARGET_NAME)";
				SWIFT_VERSION = 5.0;
				TARGETED_DEVICE_FAMILY = "1,2";
				TEST_TARGET_NAME = "SwiftUI-FeaturesDemo";
			};
			name = Debug;
		};
		3FA3046F24B076EC00884863 /* Release */ = {
			isa = XCBuildConfiguration;
			buildSettings = {
				ALWAYS_EMBED_SWIFT_STANDARD_LIBRARIES = YES;
				CODE_SIGN_STYLE = Automatic;
				DEVELOPMENT_TEAM = Q4JYUA6UF4;
				INFOPLIST_FILE = "SwiftUI-FeaturesDemoUITests/Info.plist";
				LD_RUNPATH_SEARCH_PATHS = (
					"$(inherited)",
					"@executable_path/Frameworks",
					"@loader_path/Frameworks",
				);
				PRODUCT_BUNDLE_IDENTIFIER = "de.cocoa-coding.SwiftUI-FeaturesDemoUITests";
				PRODUCT_NAME = "$(TARGET_NAME)";
				SWIFT_VERSION = 5.0;
				TARGETED_DEVICE_FAMILY = "1,2";
				TEST_TARGET_NAME = "SwiftUI-FeaturesDemo";
			};
			name = Release;
		};
/* End XCBuildConfiguration section */

/* Begin XCConfigurationList section */
		3FA3043D24B076EB00884863 /* Build configuration list for PBXProject "SwiftUI-FeaturesDemo" */ = {
			isa = XCConfigurationList;
			buildConfigurations = (
				3FA3046524B076EC00884863 /* Debug */,
				3FA3046624B076EC00884863 /* Release */,
			);
			defaultConfigurationIsVisible = 0;
			defaultConfigurationName = Release;
		};
		3FA3046724B076EC00884863 /* Build configuration list for PBXNativeTarget "SwiftUI-FeaturesDemo" */ = {
			isa = XCConfigurationList;
			buildConfigurations = (
				3FA3046824B076EC00884863 /* Debug */,
				3FA3046924B076EC00884863 /* Release */,
			);
			defaultConfigurationIsVisible = 0;
			defaultConfigurationName = Release;
		};
		3FA3046A24B076EC00884863 /* Build configuration list for PBXNativeTarget "SwiftUI-FeaturesDemoTests" */ = {
			isa = XCConfigurationList;
			buildConfigurations = (
				3FA3046B24B076EC00884863 /* Debug */,
				3FA3046C24B076EC00884863 /* Release */,
			);
			defaultConfigurationIsVisible = 0;
			defaultConfigurationName = Release;
		};
		3FA3046D24B076EC00884863 /* Build configuration list for PBXNativeTarget "SwiftUI-FeaturesDemoUITests" */ = {
			isa = XCConfigurationList;
			buildConfigurations = (
				3FA3046E24B076EC00884863 /* Debug */,
				3FA3046F24B076EC00884863 /* Release */,
			);
			defaultConfigurationIsVisible = 0;
			defaultConfigurationName = Release;
		};
/* End XCConfigurationList section */
	};
	rootObject = 3FA3043A24B076EB00884863 /* Project object */;
}
